// !$*UTF8*$!
{
	archiveVersion = 1;
	classes = {
	};
	objectVersion = 46;
	objects = {

/* Begin PBXBuildFile section */
		03E679EFEB8A7609D6317E43 /* Pods_Tests.framework in Frameworks */ = {isa = PBXBuildFile; fileRef = 8B56266F1DA040F497EE5C14 /* Pods_Tests.framework */; };
		2F3D6B801E61A37400CF7881 /* UIViewController-Alert.swift in Sources */ = {isa = PBXBuildFile; fileRef = 2F3D6B7F1E61A37400CF7881 /* UIViewController-Alert.swift */; };
		2F3D6B861E61D0AC00CF7881 /* ApiClient.swift in Sources */ = {isa = PBXBuildFile; fileRef = 2F3D6B851E61D0AC00CF7881 /* ApiClient.swift */; };
		2FC6C46F1E60B542005539F5 /* AppDelegate.swift in Sources */ = {isa = PBXBuildFile; fileRef = 2FC6C46E1E60B542005539F5 /* AppDelegate.swift */; };
		2FC6C4741E60B542005539F5 /* Main.storyboard in Resources */ = {isa = PBXBuildFile; fileRef = 2FC6C4721E60B542005539F5 /* Main.storyboard */; };
		2FC6C4791E60B542005539F5 /* Assets.xcassets in Resources */ = {isa = PBXBuildFile; fileRef = 2FC6C4781E60B542005539F5 /* Assets.xcassets */; };
		2FC6C4981E60B5C4005539F5 /* ViewRouter.swift in Sources */ = {isa = PBXBuildFile; fileRef = 2FC6C4961E60B5C4005539F5 /* ViewRouter.swift */; };
		2FC6C4A31E60B65E005539F5 /* Result.swift in Sources */ = {isa = PBXBuildFile; fileRef = 2FC6C4A21E60B65E005539F5 /* Result.swift */; };
		59CA5CD36273E6AC1AA01F8F /* Pods_TDM.framework in Frameworks */ = {isa = PBXBuildFile; fileRef = 843BBDBFB8FDBB73B7931341 /* Pods_TDM.framework */; };
		73177ABC24FF2E69007F401B /* FetchDMCaseTest.swift in Sources */ = {isa = PBXBuildFile; fileRef = 73177AA624FF2E68007F401B /* FetchDMCaseTest.swift */; };
		73177ABD24FF2E69007F401B /* FollowerDMViewRouterSpy.swift in Sources */ = {isa = PBXBuildFile; fileRef = 73177AA924FF2E68007F401B /* FollowerDMViewRouterSpy.swift */; };
		73177ABE24FF2E69007F401B /* Helpers.swift in Sources */ = {isa = PBXBuildFile; fileRef = 73177AAA24FF2E68007F401B /* Helpers.swift */; };
		73177ABF24FF2E69007F401B /* FollowerDMPresenterStub.swift in Sources */ = {isa = PBXBuildFile; fileRef = 73177AAC24FF2E68007F401B /* FollowerDMPresenterStub.swift */; };
		73177AC024FF2E69007F401B /* ApiFollowersGateway.swift in Sources */ = {isa = PBXBuildFile; fileRef = 73177AAE24FF2E68007F401B /* ApiFollowersGateway.swift */; };
		73177AC124FF2E69007F401B /* FollowersGatewaySpy.swift in Sources */ = {isa = PBXBuildFile; fileRef = 73177AAF24FF2E68007F401B /* FollowersGatewaySpy.swift */; };
		73177AC324FF2E69007F401B /* FollowerDMViewSpy.swift in Sources */ = {isa = PBXBuildFile; fileRef = 73177AB224FF2E68007F401B /* FollowerDMViewSpy.swift */; };
		73177AC424FF2E69007F401B /* BubbleCellViewSpy.swift in Sources */ = {isa = PBXBuildFile; fileRef = 73177AB324FF2E68007F401B /* BubbleCellViewSpy.swift */; };
		73177AC524FF2E69007F401B /* FetchDMUseCaseSpy.swift in Sources */ = {isa = PBXBuildFile; fileRef = 73177AB524FF2E68007F401B /* FetchDMUseCaseSpy.swift */; };
		73177AC724FF2E69007F401B /* ApiFollowersGatewayTest.swift in Sources */ = {isa = PBXBuildFile; fileRef = 73177AB824FF2E68007F401B /* ApiFollowersGatewayTest.swift */; };
		73177AC924FF2E69007F401B /* FollowerDMPresenterTest.swift in Sources */ = {isa = PBXBuildFile; fileRef = 73177ABB24FF2E69007F401B /* FollowerDMPresenterTest.swift */; };
		73185C701FD6F50E00D233CB /* SafariServices.framework in Frameworks */ = {isa = PBXBuildFile; fileRef = 73185C6F1FD6F50E00D233CB /* SafariServices.framework */; };
		7333A3EC1F5AD45F00996C84 /* ApiRequest.swift in Sources */ = {isa = PBXBuildFile; fileRef = 7333A3EB1F5AD45F00996C84 /* ApiRequest.swift */; };
		733BDBCD24FF389500AE13B8 /* LoginUseCaseSpy.swift in Sources */ = {isa = PBXBuildFile; fileRef = 733BDBCC24FF389500AE13B8 /* LoginUseCaseSpy.swift */; };
		733BDBCF24FF389E00AE13B8 /* DeleteDMUseCaseSpy.swift in Sources */ = {isa = PBXBuildFile; fileRef = 733BDBCE24FF389E00AE13B8 /* DeleteDMUseCaseSpy.swift */; };
		733BDBD124FF38AA00AE13B8 /* PostDMUseCaseSpy.swift in Sources */ = {isa = PBXBuildFile; fileRef = 733BDBD024FF38AA00AE13B8 /* PostDMUseCaseSpy.swift */; };
		734AF5E61FAEEC4F00C7099B /* FollowersConfigurator.swift in Sources */ = {isa = PBXBuildFile; fileRef = 734AF5E51FAEEC4F00C7099B /* FollowersConfigurator.swift */; };
		734BA0FF1F5C03A00006B3D4 /* CacheFollowersGateway.swift in Sources */ = {isa = PBXBuildFile; fileRef = 734BA0FE1F5C03A00006B3D4 /* CacheFollowersGateway.swift */; };
		738A0F4A1FD80D5600B79813 /* Login.swift in Sources */ = {isa = PBXBuildFile; fileRef = 738A0F491FD80D5600B79813 /* Login.swift */; };
		738A0F4C1FD80D8F00B79813 /* PostDM.swift in Sources */ = {isa = PBXBuildFile; fileRef = 738A0F4B1FD80D8F00B79813 /* PostDM.swift */; };
		738A0F4E1FD81B7300B79813 /* FetchFollowers.swift in Sources */ = {isa = PBXBuildFile; fileRef = 738A0F4D1FD81B7300B79813 /* FetchFollowers.swift */; };
		738A0F501FD81BF300B79813 /* GetApiFollowersRequest.swift in Sources */ = {isa = PBXBuildFile; fileRef = 738A0F4F1FD81BF300B79813 /* GetApiFollowersRequest.swift */; };
		738A0F541FD84C3300B79813 /* Constants.swift in Sources */ = {isa = PBXBuildFile; fileRef = 738A0F531FD84C3300B79813 /* Constants.swift */; };
		738EDE201FD977200023059E /* FollowerTableViewCell.swift in Sources */ = {isa = PBXBuildFile; fileRef = 738EDE1F1FD977200023059E /* FollowerTableViewCell.swift */; };
		738EDE221FD97CE60023059E /* FollowerDMViewController.swift in Sources */ = {isa = PBXBuildFile; fileRef = 738EDE211FD97CE60023059E /* FollowerDMViewController.swift */; };
		738EDE291FD97D530023059E /* FollowerDMViewRouter.swift in Sources */ = {isa = PBXBuildFile; fileRef = 738EDE241FD97D530023059E /* FollowerDMViewRouter.swift */; };
		738EDE2A1FD97D530023059E /* BubbleTableViewCell.swift in Sources */ = {isa = PBXBuildFile; fileRef = 738EDE251FD97D530023059E /* BubbleTableViewCell.swift */; };
		738EDE2B1FD97D530023059E /* FollowerDMConfigurator.swift in Sources */ = {isa = PBXBuildFile; fileRef = 738EDE261FD97D530023059E /* FollowerDMConfigurator.swift */; };
		738EDE2C1FD97D530023059E /* FollowerDMPresenter.swift in Sources */ = {isa = PBXBuildFile; fileRef = 738EDE271FD97D530023059E /* FollowerDMPresenter.swift */; };
		739827EF1F56EC7A00730BE6 /* FollowersGateway.swift in Sources */ = {isa = PBXBuildFile; fileRef = 739827EE1F56EC7A00730BE6 /* FollowersGateway.swift */; };
		739827F31F56FF2B00730BE6 /* ApiFollowersGateway.swift in Sources */ = {isa = PBXBuildFile; fileRef = 739827F21F56FF2B00730BE6 /* ApiFollowersGateway.swift */; };
		739D8A211FAD87E3000B279B /* FollowersViewController.swift in Sources */ = {isa = PBXBuildFile; fileRef = 739D8A201FAD87E3000B279B /* FollowersViewController.swift */; };
		739D8A231FAD8998000B279B /* FollowersViewRouter.swift in Sources */ = {isa = PBXBuildFile; fileRef = 739D8A221FAD8998000B279B /* FollowersViewRouter.swift */; };
		739D8A251FAD8A3B000B279B /* FollowersPresenter.swift in Sources */ = {isa = PBXBuildFile; fileRef = 739D8A241FAD8A3B000B279B /* FollowersPresenter.swift */; };
		73AFF1441FD9811300F75D38 /* FetchDM.swift in Sources */ = {isa = PBXBuildFile; fileRef = 73AFF1431FD9811300F75D38 /* FetchDM.swift */; };
		73AFF1461FD9888F00F75D38 /* DM.swift in Sources */ = {isa = PBXBuildFile; fileRef = 73AFF1451FD9888F00F75D38 /* DM.swift */; };
		73D0006C24F0FDF4009C747E /* AccountConfigurator.swift in Sources */ = {isa = PBXBuildFile; fileRef = 73D0006B24F0FDF4009C747E /* AccountConfigurator.swift */; };
		73D0007024F0FE09009C747E /* AccountPresenter.swift in Sources */ = {isa = PBXBuildFile; fileRef = 73D0006F24F0FE09009C747E /* AccountPresenter.swift */; };
		73D0007224F124DA009C747E /* NullCodable.swift in Sources */ = {isa = PBXBuildFile; fileRef = 73D0007124F124DA009C747E /* NullCodable.swift */; };
		73D0007424F1447A009C747E /* UpdateTimelineApiRequest.swift in Sources */ = {isa = PBXBuildFile; fileRef = 73D0007324F1447A009C747E /* UpdateTimelineApiRequest.swift */; };
		73D0007624F144FD009C747E /* UpdateTimeline.swift in Sources */ = {isa = PBXBuildFile; fileRef = 73D0007524F144FD009C747E /* UpdateTimeline.swift */; };
		73D0007824F156FA009C747E /* Firestore+QuerySnapshot.swift in Sources */ = {isa = PBXBuildFile; fileRef = 73D0007724F156FA009C747E /* Firestore+QuerySnapshot.swift */; };
		73D6429324EFA213005E1602 /* GoogleService-Info.plist in Resources */ = {isa = PBXBuildFile; fileRef = 73D6429224EFA213005E1602 /* GoogleService-Info.plist */; };
		73D6429624EFAAC0005E1602 /* AccountViewController.swift in Sources */ = {isa = PBXBuildFile; fileRef = 73D6429524EFAAC0005E1602 /* AccountViewController.swift */; };
		73D6429824EFB29F005E1602 /* DeleteDM.swift in Sources */ = {isa = PBXBuildFile; fileRef = 73D6429724EFB29F005E1602 /* DeleteDM.swift */; };
		73D6429A24EFBF0C005E1602 /* User.swift in Sources */ = {isa = PBXBuildFile; fileRef = 73D6429924EFBF0C005E1602 /* User.swift */; };
		73D6429C24F0029D005E1602 /* DeletePostApiRequest.swift in Sources */ = {isa = PBXBuildFile; fileRef = 73D6429B24F0029D005E1602 /* DeletePostApiRequest.swift */; };
		73E235A224F0C86F00F9AC08 /* FetchTimelineApiRequest.swift in Sources */ = {isa = PBXBuildFile; fileRef = 73E235A124F0C86F00F9AC08 /* FetchTimelineApiRequest.swift */; };
		73E235A424F0C95100F9AC08 /* PostDMApiRequest.swift in Sources */ = {isa = PBXBuildFile; fileRef = 73E235A324F0C95100F9AC08 /* PostDMApiRequest.swift */; };
/* End PBXBuildFile section */

/* Begin PBXContainerItemProxy section */
		73880E0D1F8670FA005E24FB /* PBXContainerItemProxy */ = {
			isa = PBXContainerItemProxy;
			containerPortal = 2FC6C4631E60B542005539F5 /* Project object */;
			proxyType = 1;
			remoteGlobalIDString = 2FC6C46A1E60B542005539F5;
			remoteInfo = PhotoViewer;
		};
/* End PBXContainerItemProxy section */

/* Begin PBXFileReference section */
		130F8BF7ED68E22502D7F0C3 /* Pods-TDM.release.xcconfig */ = {isa = PBXFileReference; includeInIndex = 1; lastKnownFileType = text.xcconfig; name = "Pods-TDM.release.xcconfig"; path = "Target Support Files/Pods-TDM/Pods-TDM.release.xcconfig"; sourceTree = "<group>"; };
		2F3D6B7F1E61A37400CF7881 /* UIViewController-Alert.swift */ = {isa = PBXFileReference; fileEncoding = 4; lastKnownFileType = sourcecode.swift; path = "UIViewController-Alert.swift"; sourceTree = "<group>"; };
		2F3D6B851E61D0AC00CF7881 /* ApiClient.swift */ = {isa = PBXFileReference; fileEncoding = 4; lastKnownFileType = sourcecode.swift; path = ApiClient.swift; sourceTree = "<group>"; };
		2FC6C46B1E60B542005539F5 /* SNS Demo.app */ = {isa = PBXFileReference; explicitFileType = wrapper.application; includeInIndex = 0; path = "SNS Demo.app"; sourceTree = BUILT_PRODUCTS_DIR; };
		2FC6C46E1E60B542005539F5 /* AppDelegate.swift */ = {isa = PBXFileReference; lastKnownFileType = sourcecode.swift; path = AppDelegate.swift; sourceTree = "<group>"; };
		2FC6C4731E60B542005539F5 /* Base */ = {isa = PBXFileReference; lastKnownFileType = file.storyboard; name = Base; path = Base.lproj/Main.storyboard; sourceTree = "<group>"; };
		2FC6C4781E60B542005539F5 /* Assets.xcassets */ = {isa = PBXFileReference; lastKnownFileType = folder.assetcatalog; path = Assets.xcassets; sourceTree = "<group>"; };
		2FC6C47D1E60B542005539F5 /* Info.plist */ = {isa = PBXFileReference; lastKnownFileType = text.plist.xml; path = Info.plist; sourceTree = "<group>"; };
		2FC6C4961E60B5C4005539F5 /* ViewRouter.swift */ = {isa = PBXFileReference; fileEncoding = 4; lastKnownFileType = sourcecode.swift; path = ViewRouter.swift; sourceTree = "<group>"; };
		2FC6C4A21E60B65E005539F5 /* Result.swift */ = {isa = PBXFileReference; fileEncoding = 4; lastKnownFileType = sourcecode.swift; path = Result.swift; sourceTree = "<group>"; };
		510D7FAB7D3DDB3FC788049D /* Pods-Tests.release.xcconfig */ = {isa = PBXFileReference; includeInIndex = 1; lastKnownFileType = text.xcconfig; name = "Pods-Tests.release.xcconfig"; path = "Target Support Files/Pods-Tests/Pods-Tests.release.xcconfig"; sourceTree = "<group>"; };
		73177AA624FF2E68007F401B /* FetchDMCaseTest.swift */ = {isa = PBXFileReference; fileEncoding = 4; lastKnownFileType = sourcecode.swift; path = FetchDMCaseTest.swift; sourceTree = "<group>"; };
		73177AA924FF2E68007F401B /* FollowerDMViewRouterSpy.swift */ = {isa = PBXFileReference; fileEncoding = 4; lastKnownFileType = sourcecode.swift; path = FollowerDMViewRouterSpy.swift; sourceTree = "<group>"; };
		73177AAA24FF2E68007F401B /* Helpers.swift */ = {isa = PBXFileReference; fileEncoding = 4; lastKnownFileType = sourcecode.swift; path = Helpers.swift; sourceTree = "<group>"; };
		73177AAC24FF2E68007F401B /* FollowerDMPresenterStub.swift */ = {isa = PBXFileReference; fileEncoding = 4; lastKnownFileType = sourcecode.swift; path = FollowerDMPresenterStub.swift; sourceTree = "<group>"; };
		73177AAE24FF2E68007F401B /* ApiFollowersGateway.swift */ = {isa = PBXFileReference; fileEncoding = 4; lastKnownFileType = sourcecode.swift; path = ApiFollowersGateway.swift; sourceTree = "<group>"; };
		73177AAF24FF2E68007F401B /* FollowersGatewaySpy.swift */ = {isa = PBXFileReference; fileEncoding = 4; lastKnownFileType = sourcecode.swift; path = FollowersGatewaySpy.swift; sourceTree = "<group>"; };
		73177AB224FF2E68007F401B /* FollowerDMViewSpy.swift */ = {isa = PBXFileReference; fileEncoding = 4; lastKnownFileType = sourcecode.swift; path = FollowerDMViewSpy.swift; sourceTree = "<group>"; };
		73177AB324FF2E68007F401B /* BubbleCellViewSpy.swift */ = {isa = PBXFileReference; fileEncoding = 4; lastKnownFileType = sourcecode.swift; path = BubbleCellViewSpy.swift; sourceTree = "<group>"; };
		73177AB524FF2E68007F401B /* FetchDMUseCaseSpy.swift */ = {isa = PBXFileReference; fileEncoding = 4; lastKnownFileType = sourcecode.swift; path = FetchDMUseCaseSpy.swift; sourceTree = "<group>"; };
		73177AB824FF2E68007F401B /* ApiFollowersGatewayTest.swift */ = {isa = PBXFileReference; fileEncoding = 4; lastKnownFileType = sourcecode.swift; path = ApiFollowersGatewayTest.swift; sourceTree = "<group>"; };
		73177ABB24FF2E69007F401B /* FollowerDMPresenterTest.swift */ = {isa = PBXFileReference; fileEncoding = 4; lastKnownFileType = sourcecode.swift; path = FollowerDMPresenterTest.swift; sourceTree = "<group>"; };
		73185C631FD6F3F200D233CB /* TDM-Bridging-Header.h */ = {isa = PBXFileReference; lastKnownFileType = sourcecode.c.h; path = "TDM-Bridging-Header.h"; sourceTree = "<group>"; };
		73185C6F1FD6F50E00D233CB /* SafariServices.framework */ = {isa = PBXFileReference; lastKnownFileType = wrapper.framework; name = SafariServices.framework; path = System/Library/Frameworks/SafariServices.framework; sourceTree = SDKROOT; };
		7333A3EB1F5AD45F00996C84 /* ApiRequest.swift */ = {isa = PBXFileReference; fileEncoding = 4; lastKnownFileType = sourcecode.swift; path = ApiRequest.swift; sourceTree = "<group>"; };
		733BDBCC24FF389500AE13B8 /* LoginUseCaseSpy.swift */ = {isa = PBXFileReference; lastKnownFileType = sourcecode.swift; path = LoginUseCaseSpy.swift; sourceTree = "<group>"; };
		733BDBCE24FF389E00AE13B8 /* DeleteDMUseCaseSpy.swift */ = {isa = PBXFileReference; lastKnownFileType = sourcecode.swift; path = DeleteDMUseCaseSpy.swift; sourceTree = "<group>"; };
		733BDBD024FF38AA00AE13B8 /* PostDMUseCaseSpy.swift */ = {isa = PBXFileReference; lastKnownFileType = sourcecode.swift; path = PostDMUseCaseSpy.swift; sourceTree = "<group>"; };
		734AF5E51FAEEC4F00C7099B /* FollowersConfigurator.swift */ = {isa = PBXFileReference; lastKnownFileType = sourcecode.swift; path = FollowersConfigurator.swift; sourceTree = "<group>"; };
		734BA0FE1F5C03A00006B3D4 /* CacheFollowersGateway.swift */ = {isa = PBXFileReference; fileEncoding = 4; lastKnownFileType = sourcecode.swift; path = CacheFollowersGateway.swift; sourceTree = "<group>"; };
		73880E081F8670FA005E24FB /* Tests.xctest */ = {isa = PBXFileReference; explicitFileType = wrapper.cfbundle; includeInIndex = 0; path = Tests.xctest; sourceTree = BUILT_PRODUCTS_DIR; };
		73880E0C1F8670FA005E24FB /* Info.plist */ = {isa = PBXFileReference; lastKnownFileType = text.plist.xml; path = Info.plist; sourceTree = "<group>"; };
		738A0F491FD80D5600B79813 /* Login.swift */ = {isa = PBXFileReference; lastKnownFileType = sourcecode.swift; path = Login.swift; sourceTree = "<group>"; };
		738A0F4B1FD80D8F00B79813 /* PostDM.swift */ = {isa = PBXFileReference; lastKnownFileType = sourcecode.swift; path = PostDM.swift; sourceTree = "<group>"; };
		738A0F4D1FD81B7300B79813 /* FetchFollowers.swift */ = {isa = PBXFileReference; lastKnownFileType = sourcecode.swift; path = FetchFollowers.swift; sourceTree = "<group>"; };
		738A0F4F1FD81BF300B79813 /* GetApiFollowersRequest.swift */ = {isa = PBXFileReference; lastKnownFileType = sourcecode.swift; path = GetApiFollowersRequest.swift; sourceTree = "<group>"; };
		738A0F531FD84C3300B79813 /* Constants.swift */ = {isa = PBXFileReference; lastKnownFileType = sourcecode.swift; path = Constants.swift; sourceTree = "<group>"; };
		738EDE1F1FD977200023059E /* FollowerTableViewCell.swift */ = {isa = PBXFileReference; lastKnownFileType = sourcecode.swift; path = FollowerTableViewCell.swift; sourceTree = "<group>"; };
		738EDE211FD97CE60023059E /* FollowerDMViewController.swift */ = {isa = PBXFileReference; lastKnownFileType = sourcecode.swift; path = FollowerDMViewController.swift; sourceTree = "<group>"; };
		738EDE241FD97D530023059E /* FollowerDMViewRouter.swift */ = {isa = PBXFileReference; fileEncoding = 4; lastKnownFileType = sourcecode.swift; path = FollowerDMViewRouter.swift; sourceTree = "<group>"; };
		738EDE251FD97D530023059E /* BubbleTableViewCell.swift */ = {isa = PBXFileReference; fileEncoding = 4; lastKnownFileType = sourcecode.swift; path = BubbleTableViewCell.swift; sourceTree = "<group>"; };
		738EDE261FD97D530023059E /* FollowerDMConfigurator.swift */ = {isa = PBXFileReference; fileEncoding = 4; lastKnownFileType = sourcecode.swift; path = FollowerDMConfigurator.swift; sourceTree = "<group>"; };
		738EDE271FD97D530023059E /* FollowerDMPresenter.swift */ = {isa = PBXFileReference; fileEncoding = 4; lastKnownFileType = sourcecode.swift; path = FollowerDMPresenter.swift; sourceTree = "<group>"; };
		739827EE1F56EC7A00730BE6 /* FollowersGateway.swift */ = {isa = PBXFileReference; fileEncoding = 4; lastKnownFileType = sourcecode.swift; path = FollowersGateway.swift; sourceTree = "<group>"; };
		739827F21F56FF2B00730BE6 /* ApiFollowersGateway.swift */ = {isa = PBXFileReference; fileEncoding = 4; lastKnownFileType = sourcecode.swift; path = ApiFollowersGateway.swift; sourceTree = "<group>"; };
		739D8A201FAD87E3000B279B /* FollowersViewController.swift */ = {isa = PBXFileReference; lastKnownFileType = sourcecode.swift; path = FollowersViewController.swift; sourceTree = "<group>"; };
		739D8A221FAD8998000B279B /* FollowersViewRouter.swift */ = {isa = PBXFileReference; lastKnownFileType = sourcecode.swift; path = FollowersViewRouter.swift; sourceTree = "<group>"; };
		739D8A241FAD8A3B000B279B /* FollowersPresenter.swift */ = {isa = PBXFileReference; lastKnownFileType = sourcecode.swift; path = FollowersPresenter.swift; sourceTree = "<group>"; };
		73AFF1431FD9811300F75D38 /* FetchDM.swift */ = {isa = PBXFileReference; lastKnownFileType = sourcecode.swift; path = FetchDM.swift; sourceTree = "<group>"; };
		73AFF1451FD9888F00F75D38 /* DM.swift */ = {isa = PBXFileReference; lastKnownFileType = sourcecode.swift; path = DM.swift; sourceTree = "<group>"; };
		73D0006B24F0FDF4009C747E /* AccountConfigurator.swift */ = {isa = PBXFileReference; lastKnownFileType = sourcecode.swift; path = AccountConfigurator.swift; sourceTree = "<group>"; };
		73D0006F24F0FE09009C747E /* AccountPresenter.swift */ = {isa = PBXFileReference; lastKnownFileType = sourcecode.swift; path = AccountPresenter.swift; sourceTree = "<group>"; };
		73D0007124F124DA009C747E /* NullCodable.swift */ = {isa = PBXFileReference; lastKnownFileType = sourcecode.swift; path = NullCodable.swift; sourceTree = "<group>"; };
		73D0007324F1447A009C747E /* UpdateTimelineApiRequest.swift */ = {isa = PBXFileReference; lastKnownFileType = sourcecode.swift; path = UpdateTimelineApiRequest.swift; sourceTree = "<group>"; };
		73D0007524F144FD009C747E /* UpdateTimeline.swift */ = {isa = PBXFileReference; lastKnownFileType = sourcecode.swift; path = UpdateTimeline.swift; sourceTree = "<group>"; };
		73D0007724F156FA009C747E /* Firestore+QuerySnapshot.swift */ = {isa = PBXFileReference; lastKnownFileType = sourcecode.swift; path = "Firestore+QuerySnapshot.swift"; sourceTree = "<group>"; };
		73D6429224EFA213005E1602 /* GoogleService-Info.plist */ = {isa = PBXFileReference; fileEncoding = 4; lastKnownFileType = text.plist.xml; path = "GoogleService-Info.plist"; sourceTree = "<group>"; };
		73D6429524EFAAC0005E1602 /* AccountViewController.swift */ = {isa = PBXFileReference; lastKnownFileType = sourcecode.swift; path = AccountViewController.swift; sourceTree = "<group>"; };
		73D6429724EFB29F005E1602 /* DeleteDM.swift */ = {isa = PBXFileReference; lastKnownFileType = sourcecode.swift; path = DeleteDM.swift; sourceTree = "<group>"; };
		73D6429924EFBF0C005E1602 /* User.swift */ = {isa = PBXFileReference; lastKnownFileType = sourcecode.swift; path = User.swift; sourceTree = "<group>"; };
		73D6429B24F0029D005E1602 /* DeletePostApiRequest.swift */ = {isa = PBXFileReference; lastKnownFileType = sourcecode.swift; path = DeletePostApiRequest.swift; sourceTree = "<group>"; };
		73E235A124F0C86F00F9AC08 /* FetchTimelineApiRequest.swift */ = {isa = PBXFileReference; lastKnownFileType = sourcecode.swift; path = FetchTimelineApiRequest.swift; sourceTree = "<group>"; };
		73E235A324F0C95100F9AC08 /* PostDMApiRequest.swift */ = {isa = PBXFileReference; lastKnownFileType = sourcecode.swift; path = PostDMApiRequest.swift; sourceTree = "<group>"; };
		843BBDBFB8FDBB73B7931341 /* Pods_TDM.framework */ = {isa = PBXFileReference; explicitFileType = wrapper.framework; includeInIndex = 0; path = Pods_TDM.framework; sourceTree = BUILT_PRODUCTS_DIR; };
		8B56266F1DA040F497EE5C14 /* Pods_Tests.framework */ = {isa = PBXFileReference; explicitFileType = wrapper.framework; includeInIndex = 0; path = Pods_Tests.framework; sourceTree = BUILT_PRODUCTS_DIR; };
		B567867A1B66AF1B2958C587 /* Pods-Tests.debug.xcconfig */ = {isa = PBXFileReference; includeInIndex = 1; lastKnownFileType = text.xcconfig; name = "Pods-Tests.debug.xcconfig"; path = "Target Support Files/Pods-Tests/Pods-Tests.debug.xcconfig"; sourceTree = "<group>"; };
		E2D3A62ADC751F0119D27C7F /* Pods-TDM.debug.xcconfig */ = {isa = PBXFileReference; includeInIndex = 1; lastKnownFileType = text.xcconfig; name = "Pods-TDM.debug.xcconfig"; path = "Target Support Files/Pods-TDM/Pods-TDM.debug.xcconfig"; sourceTree = "<group>"; };
/* End PBXFileReference section */

/* Begin PBXFrameworksBuildPhase section */
		2FC6C4681E60B542005539F5 /* Frameworks */ = {
			isa = PBXFrameworksBuildPhase;
			buildActionMask = 2147483647;
			files = (
				73185C701FD6F50E00D233CB /* SafariServices.framework in Frameworks */,
				59CA5CD36273E6AC1AA01F8F /* Pods_TDM.framework in Frameworks */,
			);
			runOnlyForDeploymentPostprocessing = 0;
		};
		73880E051F8670FA005E24FB /* Frameworks */ = {
			isa = PBXFrameworksBuildPhase;
			buildActionMask = 2147483647;
			files = (
				03E679EFEB8A7609D6317E43 /* Pods_Tests.framework in Frameworks */,
			);
			runOnlyForDeploymentPostprocessing = 0;
		};
/* End PBXFrameworksBuildPhase section */

/* Begin PBXGroup section */
		07C493406913CE5A5BB6B4AE /* Pods */ = {
			isa = PBXGroup;
			children = (
				E2D3A62ADC751F0119D27C7F /* Pods-TDM.debug.xcconfig */,
				130F8BF7ED68E22502D7F0C3 /* Pods-TDM.release.xcconfig */,
				B567867A1B66AF1B2958C587 /* Pods-Tests.debug.xcconfig */,
				510D7FAB7D3DDB3FC788049D /* Pods-Tests.release.xcconfig */,
			);
			path = Pods;
			sourceTree = "<group>";
		};
		2FC6C4621E60B542005539F5 = {
			isa = PBXGroup;
			children = (
				2FC6C46D1E60B542005539F5 /* TDM */,
				73880E091F8670FA005E24FB /* Tests */,
				2FC6C46C1E60B542005539F5 /* Products */,
				CB107EF4A48C0E27C185BAE2 /* Frameworks */,
				07C493406913CE5A5BB6B4AE /* Pods */,
			);
			sourceTree = "<group>";
		};
		2FC6C46C1E60B542005539F5 /* Products */ = {
			isa = PBXGroup;
			children = (
				2FC6C46B1E60B542005539F5 /* SNS Demo.app */,
				73880E081F8670FA005E24FB /* Tests.xctest */,
			);
			name = Products;
			sourceTree = "<group>";
		};
		2FC6C46D1E60B542005539F5 /* TDM */ = {
			isa = PBXGroup;
			children = (
				2FC6C4921E60B593005539F5 /* Core */,
				2FC6C4931E60B597005539F5 /* Scenes */,
				2FC6C4911E60B586005539F5 /* EntityGateway */,
				739D8A261FADBA4F000B279B /* View */,
				2FC6C4941E60B59E005539F5 /* Other */,
				2FC6C46E1E60B542005539F5 /* AppDelegate.swift */,
				2FC6C4781E60B542005539F5 /* Assets.xcassets */,
				2FC6C47D1E60B542005539F5 /* Info.plist */,
				73185C631FD6F3F200D233CB /* TDM-Bridging-Header.h */,
				73D6429224EFA213005E1602 /* GoogleService-Info.plist */,
			);
			path = TDM;
			sourceTree = "<group>";
		};
		2FC6C4911E60B586005539F5 /* EntityGateway */ = {
			isa = PBXGroup;
			children = (
				2FC6C49B1E60B603005539F5 /* API */,
				2FC6C4991E60B5EA005539F5 /* Cache */,
			);
			name = EntityGateway;
			sourceTree = "<group>";
		};
		2FC6C4921E60B593005539F5 /* Core */ = {
			isa = PBXGroup;
			children = (
				2FC6C4A51E60B678005539F5 /* UseCases */,
				2FC6C4A61E60B685005539F5 /* Entities */,
				2FC6C4A41E60B671005539F5 /* Gateways */,
				2FC6C4A21E60B65E005539F5 /* Result.swift */,
			);
			name = Core;
			sourceTree = "<group>";
		};
		2FC6C4931E60B597005539F5 /* Scenes */ = {
			isa = PBXGroup;
			children = (
				73D6429424EFAAB0005E1602 /* Account */,
				734DB4B41F51BF7300905F64 /* Timelines */,
				734DB4B51F51BFD800905F64 /* Timeline DM */,
			);
			name = Scenes;
			sourceTree = "<group>";
		};
		2FC6C4941E60B59E005539F5 /* Other */ = {
			isa = PBXGroup;
			children = (
				738A0F531FD84C3300B79813 /* Constants.swift */,
				73D0007124F124DA009C747E /* NullCodable.swift */,
				2F3D6B7F1E61A37400CF7881 /* UIViewController-Alert.swift */,
				2FC6C4961E60B5C4005539F5 /* ViewRouter.swift */,
			);
			name = Other;
			sourceTree = "<group>";
		};
		2FC6C4991E60B5EA005539F5 /* Cache */ = {
			isa = PBXGroup;
			children = (
				734BA0FE1F5C03A00006B3D4 /* CacheFollowersGateway.swift */,
			);
			name = Cache;
			sourceTree = "<group>";
		};
		2FC6C49B1E60B603005539F5 /* API */ = {
			isa = PBXGroup;
			children = (
				2FC6C4B51E60B766005539F5 /* Requests */,
				2FC6C4B01E60B741005539F5 /* Gateways */,
				2FC6C4AF1E60B73A005539F5 /* Entities */,
				7333A3EB1F5AD45F00996C84 /* ApiRequest.swift */,
				2F3D6B851E61D0AC00CF7881 /* ApiClient.swift */,
				73D0007724F156FA009C747E /* Firestore+QuerySnapshot.swift */,
			);
			name = API;
			sourceTree = "<group>";
		};
		2FC6C4A41E60B671005539F5 /* Gateways */ = {
			isa = PBXGroup;
			children = (
				739827EE1F56EC7A00730BE6 /* FollowersGateway.swift */,
			);
			name = Gateways;
			sourceTree = "<group>";
		};
		2FC6C4A51E60B678005539F5 /* UseCases */ = {
			isa = PBXGroup;
			children = (
				738A0F491FD80D5600B79813 /* Login.swift */,
				738A0F4D1FD81B7300B79813 /* FetchFollowers.swift */,
				738A0F4B1FD80D8F00B79813 /* PostDM.swift */,
				73AFF1431FD9811300F75D38 /* FetchDM.swift */,
				73D6429724EFB29F005E1602 /* DeleteDM.swift */,
				73D0007524F144FD009C747E /* UpdateTimeline.swift */,
			);
			name = UseCases;
			sourceTree = "<group>";
		};
		2FC6C4A61E60B685005539F5 /* Entities */ = {
			isa = PBXGroup;
			children = (
				73AFF1451FD9888F00F75D38 /* DM.swift */,
				73D6429924EFBF0C005E1602 /* User.swift */,
			);
			name = Entities;
			sourceTree = "<group>";
		};
		2FC6C4AF1E60B73A005539F5 /* Entities */ = {
			isa = PBXGroup;
			children = (
			);
			name = Entities;
			sourceTree = "<group>";
		};
		2FC6C4B01E60B741005539F5 /* Gateways */ = {
			isa = PBXGroup;
			children = (
				739827F21F56FF2B00730BE6 /* ApiFollowersGateway.swift */,
			);
			name = Gateways;
			sourceTree = "<group>";
		};
		2FC6C4B51E60B766005539F5 /* Requests */ = {
			isa = PBXGroup;
			children = (
				738A0F4F1FD81BF300B79813 /* GetApiFollowersRequest.swift */,
				73D6429B24F0029D005E1602 /* DeletePostApiRequest.swift */,
				73E235A124F0C86F00F9AC08 /* FetchTimelineApiRequest.swift */,
				73E235A324F0C95100F9AC08 /* PostDMApiRequest.swift */,
				73D0007324F1447A009C747E /* UpdateTimelineApiRequest.swift */,
			);
			name = Requests;
			sourceTree = "<group>";
		};
		73177AA524FF2E68007F401B /* UseCases */ = {
			isa = PBXGroup;
			children = (
				73177AA624FF2E68007F401B /* FetchDMCaseTest.swift */,
			);
			path = UseCases;
			sourceTree = "<group>";
		};
		73177AA724FF2E68007F401B /* Helpers */ = {
			isa = PBXGroup;
			children = (
				73177AA824FF2E68007F401B /* Routers */,
				73177AAA24FF2E68007F401B /* Helpers.swift */,
				73177AAB24FF2E68007F401B /* Presenters */,
				73177AAD24FF2E68007F401B /* Gateways */,
				73177AB124FF2E68007F401B /* Views */,
				73177AB424FF2E68007F401B /* UseCases */,
			);
			path = Helpers;
			sourceTree = "<group>";
		};
		73177AA824FF2E68007F401B /* Routers */ = {
			isa = PBXGroup;
			children = (
				73177AA924FF2E68007F401B /* FollowerDMViewRouterSpy.swift */,
			);
			path = Routers;
			sourceTree = "<group>";
		};
		73177AAB24FF2E68007F401B /* Presenters */ = {
			isa = PBXGroup;
			children = (
				73177AAC24FF2E68007F401B /* FollowerDMPresenterStub.swift */,
			);
			path = Presenters;
			sourceTree = "<group>";
		};
		73177AAD24FF2E68007F401B /* Gateways */ = {
			isa = PBXGroup;
			children = (
				73177AAE24FF2E68007F401B /* ApiFollowersGateway.swift */,
				73177AAF24FF2E68007F401B /* FollowersGatewaySpy.swift */,
			);
			path = Gateways;
			sourceTree = "<group>";
		};
		73177AB124FF2E68007F401B /* Views */ = {
			isa = PBXGroup;
			children = (
				73177AB224FF2E68007F401B /* FollowerDMViewSpy.swift */,
				73177AB324FF2E68007F401B /* BubbleCellViewSpy.swift */,
			);
			path = Views;
			sourceTree = "<group>";
		};
		73177AB424FF2E68007F401B /* UseCases */ = {
			isa = PBXGroup;
			children = (
				733BDBCE24FF389E00AE13B8 /* DeleteDMUseCaseSpy.swift */,
				73177AB524FF2E68007F401B /* FetchDMUseCaseSpy.swift */,
				733BDBCC24FF389500AE13B8 /* LoginUseCaseSpy.swift */,
				733BDBD024FF38AA00AE13B8 /* PostDMUseCaseSpy.swift */,
			);
			path = UseCases;
			sourceTree = "<group>";
		};
		73177AB724FF2E68007F401B /* Gateways */ = {
			isa = PBXGroup;
			children = (
				73177AB824FF2E68007F401B /* ApiFollowersGatewayTest.swift */,
			);
			path = Gateways;
			sourceTree = "<group>";
		};
		73177ABA24FF2E69007F401B /* Presenters */ = {
			isa = PBXGroup;
			children = (
				73177ABB24FF2E69007F401B /* FollowerDMPresenterTest.swift */,
			);
			path = Presenters;
			sourceTree = "<group>";
		};
		734DB4B41F51BF7300905F64 /* Timelines */ = {
			isa = PBXGroup;
			children = (
				739D8A201FAD87E3000B279B /* FollowersViewController.swift */,
				739D8A241FAD8A3B000B279B /* FollowersPresenter.swift */,
				739D8A221FAD8998000B279B /* FollowersViewRouter.swift */,
				734AF5E51FAEEC4F00C7099B /* FollowersConfigurator.swift */,
				738EDE1F1FD977200023059E /* FollowerTableViewCell.swift */,
			);
			name = Timelines;
			sourceTree = "<group>";
		};
		734DB4B51F51BFD800905F64 /* Timeline DM */ = {
			isa = PBXGroup;
			children = (
				738EDE211FD97CE60023059E /* FollowerDMViewController.swift */,
				738EDE271FD97D530023059E /* FollowerDMPresenter.swift */,
				738EDE241FD97D530023059E /* FollowerDMViewRouter.swift */,
				738EDE261FD97D530023059E /* FollowerDMConfigurator.swift */,
				738EDE251FD97D530023059E /* BubbleTableViewCell.swift */,
			);
			name = "Timeline DM";
			sourceTree = "<group>";
		};
		73880E091F8670FA005E24FB /* Tests */ = {
			isa = PBXGroup;
			children = (
				73177AB724FF2E68007F401B /* Gateways */,
				73177AA724FF2E68007F401B /* Helpers */,
				73880E0C1F8670FA005E24FB /* Info.plist */,
				73177ABA24FF2E69007F401B /* Presenters */,
				73177AA524FF2E68007F401B /* UseCases */,
			);
			path = Tests;
			sourceTree = "<group>";
		};
		739D8A261FADBA4F000B279B /* View */ = {
			isa = PBXGroup;
			children = (
				2FC6C4721E60B542005539F5 /* Main.storyboard */,
			);
			name = View;
			sourceTree = "<group>";
		};
		73D6429424EFAAB0005E1602 /* Account */ = {
			isa = PBXGroup;
			children = (
				73D0006B24F0FDF4009C747E /* AccountConfigurator.swift */,
				73D0006F24F0FE09009C747E /* AccountPresenter.swift */,
				73D6429524EFAAC0005E1602 /* AccountViewController.swift */,
			);
			name = Account;
			sourceTree = "<group>";
		};
		CB107EF4A48C0E27C185BAE2 /* Frameworks */ = {
			isa = PBXGroup;
			children = (
				73185C6F1FD6F50E00D233CB /* SafariServices.framework */,
				843BBDBFB8FDBB73B7931341 /* Pods_TDM.framework */,
				8B56266F1DA040F497EE5C14 /* Pods_Tests.framework */,
			);
			name = Frameworks;
			sourceTree = "<group>";
		};
/* End PBXGroup section */

/* Begin PBXNativeTarget section */
		2FC6C46A1E60B542005539F5 /* TDM */ = {
			isa = PBXNativeTarget;
			buildConfigurationList = 2FC6C48B1E60B542005539F5 /* Build configuration list for PBXNativeTarget "TDM" */;
			buildPhases = (
				599F6800DD1C45EEC690C2CC /* [CP] Check Pods Manifest.lock */,
				2FC6C4671E60B542005539F5 /* Sources */,
				2FC6C4681E60B542005539F5 /* Frameworks */,
				2FC6C4691E60B542005539F5 /* Resources */,
				E4A8071FA8621334C4E0B357 /* [CP] Embed Pods Frameworks */,
			);
			buildRules = (
			);
			dependencies = (
			);
			name = TDM;
			productName = Library;
			productReference = 2FC6C46B1E60B542005539F5 /* SNS Demo.app */;
			productType = "com.apple.product-type.application";
		};
		73880E071F8670FA005E24FB /* Tests */ = {
			isa = PBXNativeTarget;
			buildConfigurationList = 73880E111F8670FA005E24FB /* Build configuration list for PBXNativeTarget "Tests" */;
			buildPhases = (
				4A4BB5E4554772A88A53F2A4 /* [CP] Check Pods Manifest.lock */,
				73880E041F8670FA005E24FB /* Sources */,
				73880E051F8670FA005E24FB /* Frameworks */,
				73880E061F8670FA005E24FB /* Resources */,
				3EEF57BAD2FBD5DD17B058D7 /* [CP] Embed Pods Frameworks */,
			);
			buildRules = (
			);
			dependencies = (
				73880E0E1F8670FA005E24FB /* PBXTargetDependency */,
			);
			name = Tests;
			productName = Tests;
			productReference = 73880E081F8670FA005E24FB /* Tests.xctest */;
			productType = "com.apple.product-type.bundle.unit-test";
		};
/* End PBXNativeTarget section */

/* Begin PBXProject section */
		2FC6C4631E60B542005539F5 /* Project object */ = {
			isa = PBXProject;
			attributes = {
				LastSwiftUpdateCheck = 0900;
				LastUpgradeCheck = 1160;
				ORGANIZATIONNAME = "Aaron Lee";
				TargetAttributes = {
					2FC6C46A1E60B542005539F5 = {
						CreatedOnToolsVersion = 8.2.1;
						LastSwiftMigration = 0920;
						ProvisioningStyle = Automatic;
					};
					73880E071F8670FA005E24FB = {
						CreatedOnToolsVersion = 9.0;
						ProvisioningStyle = Automatic;
						TestTargetID = 2FC6C46A1E60B542005539F5;
					};
				};
			};
			buildConfigurationList = 2FC6C4661E60B542005539F5 /* Build configuration list for PBXProject "TDM" */;
			compatibilityVersion = "Xcode 3.2";
			developmentRegion = English;
			hasScannedForEncodings = 0;
			knownRegions = (
				English,
				Base,
			);
			mainGroup = 2FC6C4621E60B542005539F5;
			productRefGroup = 2FC6C46C1E60B542005539F5 /* Products */;
			projectDirPath = "";
			projectRoot = "";
			targets = (
				2FC6C46A1E60B542005539F5 /* TDM */,
				73880E071F8670FA005E24FB /* Tests */,
			);
		};
/* End PBXProject section */

/* Begin PBXResourcesBuildPhase section */
		2FC6C4691E60B542005539F5 /* Resources */ = {
			isa = PBXResourcesBuildPhase;
			buildActionMask = 2147483647;
			files = (
				2FC6C4791E60B542005539F5 /* Assets.xcassets in Resources */,
				2FC6C4741E60B542005539F5 /* Main.storyboard in Resources */,
				73D6429324EFA213005E1602 /* GoogleService-Info.plist in Resources */,
			);
			runOnlyForDeploymentPostprocessing = 0;
		};
		73880E061F8670FA005E24FB /* Resources */ = {
			isa = PBXResourcesBuildPhase;
			buildActionMask = 2147483647;
			files = (
			);
			runOnlyForDeploymentPostprocessing = 0;
		};
/* End PBXResourcesBuildPhase section */

/* Begin PBXShellScriptBuildPhase section */
		3EEF57BAD2FBD5DD17B058D7 /* [CP] Embed Pods Frameworks */ = {
			isa = PBXShellScriptBuildPhase;
			buildActionMask = 2147483647;
			files = (
			);
			inputPaths = (
				"${PODS_ROOT}/Target Support Files/Pods-Tests/Pods-Tests-frameworks.sh",
				"${BUILT_PRODUCTS_DIR}/BoringSSL-GRPC/openssl_grpc.framework",
				"${BUILT_PRODUCTS_DIR}/GTMSessionFetcher/GTMSessionFetcher.framework",
				"${BUILT_PRODUCTS_DIR}/GoogleUtilities/GoogleUtilities.framework",
				"${BUILT_PRODUCTS_DIR}/PromisesObjC/FBLPromises.framework",
				"${BUILT_PRODUCTS_DIR}/abseil/absl.framework",
				"${BUILT_PRODUCTS_DIR}/gRPC-C++/grpcpp.framework",
				"${BUILT_PRODUCTS_DIR}/gRPC-Core/grpc.framework",
				"${BUILT_PRODUCTS_DIR}/leveldb-library/leveldb.framework",
				"${BUILT_PRODUCTS_DIR}/nanopb/nanopb.framework",
			);
			name = "[CP] Embed Pods Frameworks";
			outputPaths = (
				"${TARGET_BUILD_DIR}/${FRAMEWORKS_FOLDER_PATH}/openssl_grpc.framework",
				"${TARGET_BUILD_DIR}/${FRAMEWORKS_FOLDER_PATH}/GTMSessionFetcher.framework",
				"${TARGET_BUILD_DIR}/${FRAMEWORKS_FOLDER_PATH}/GoogleUtilities.framework",
				"${TARGET_BUILD_DIR}/${FRAMEWORKS_FOLDER_PATH}/FBLPromises.framework",
				"${TARGET_BUILD_DIR}/${FRAMEWORKS_FOLDER_PATH}/absl.framework",
				"${TARGET_BUILD_DIR}/${FRAMEWORKS_FOLDER_PATH}/grpcpp.framework",
				"${TARGET_BUILD_DIR}/${FRAMEWORKS_FOLDER_PATH}/grpc.framework",
				"${TARGET_BUILD_DIR}/${FRAMEWORKS_FOLDER_PATH}/leveldb.framework",
				"${TARGET_BUILD_DIR}/${FRAMEWORKS_FOLDER_PATH}/nanopb.framework",
			);
			runOnlyForDeploymentPostprocessing = 0;
			shellPath = /bin/sh;
			shellScript = "\"${PODS_ROOT}/Target Support Files/Pods-Tests/Pods-Tests-frameworks.sh\"\n";
			showEnvVarsInLog = 0;
		};
		4A4BB5E4554772A88A53F2A4 /* [CP] Check Pods Manifest.lock */ = {
			isa = PBXShellScriptBuildPhase;
			buildActionMask = 2147483647;
			files = (
			);
			inputFileListPaths = (
			);
			inputPaths = (
				"${PODS_PODFILE_DIR_PATH}/Podfile.lock",
				"${PODS_ROOT}/Manifest.lock",
			);
			name = "[CP] Check Pods Manifest.lock";
			outputFileListPaths = (
			);
			outputPaths = (
				"$(DERIVED_FILE_DIR)/Pods-Tests-checkManifestLockResult.txt",
			);
			runOnlyForDeploymentPostprocessing = 0;
			shellPath = /bin/sh;
			shellScript = "diff \"${PODS_PODFILE_DIR_PATH}/Podfile.lock\" \"${PODS_ROOT}/Manifest.lock\" > /dev/null\nif [ $? != 0 ] ; then\n    # print error to STDERR\n    echo \"error: The sandbox is not in sync with the Podfile.lock. Run 'pod install' or update your CocoaPods installation.\" >&2\n    exit 1\nfi\n# This output is used by Xcode 'outputs' to avoid re-running this script phase.\necho \"SUCCESS\" > \"${SCRIPT_OUTPUT_FILE_0}\"\n";
			showEnvVarsInLog = 0;
		};
		599F6800DD1C45EEC690C2CC /* [CP] Check Pods Manifest.lock */ = {
			isa = PBXShellScriptBuildPhase;
			buildActionMask = 2147483647;
			files = (
			);
			inputFileListPaths = (
			);
			inputPaths = (
				"${PODS_PODFILE_DIR_PATH}/Podfile.lock",
				"${PODS_ROOT}/Manifest.lock",
			);
			name = "[CP] Check Pods Manifest.lock";
			outputFileListPaths = (
			);
			outputPaths = (
				"$(DERIVED_FILE_DIR)/Pods-TDM-checkManifestLockResult.txt",
			);
			runOnlyForDeploymentPostprocessing = 0;
			shellPath = /bin/sh;
			shellScript = "diff \"${PODS_PODFILE_DIR_PATH}/Podfile.lock\" \"${PODS_ROOT}/Manifest.lock\" > /dev/null\nif [ $? != 0 ] ; then\n    # print error to STDERR\n    echo \"error: The sandbox is not in sync with the Podfile.lock. Run 'pod install' or update your CocoaPods installation.\" >&2\n    exit 1\nfi\n# This output is used by Xcode 'outputs' to avoid re-running this script phase.\necho \"SUCCESS\" > \"${SCRIPT_OUTPUT_FILE_0}\"\n";
			showEnvVarsInLog = 0;
		};
		E4A8071FA8621334C4E0B357 /* [CP] Embed Pods Frameworks */ = {
			isa = PBXShellScriptBuildPhase;
			buildActionMask = 2147483647;
			files = (
			);
			inputPaths = (
				"${PODS_ROOT}/Target Support Files/Pods-TDM/Pods-TDM-frameworks.sh",
				"${BUILT_PRODUCTS_DIR}/BoringSSL-GRPC/openssl_grpc.framework",
				"${BUILT_PRODUCTS_DIR}/GTMSessionFetcher/GTMSessionFetcher.framework",
				"${BUILT_PRODUCTS_DIR}/GoogleUtilities/GoogleUtilities.framework",
				"${BUILT_PRODUCTS_DIR}/PromisesObjC/FBLPromises.framework",
				"${BUILT_PRODUCTS_DIR}/abseil/absl.framework",
				"${BUILT_PRODUCTS_DIR}/gRPC-C++/grpcpp.framework",
				"${BUILT_PRODUCTS_DIR}/gRPC-Core/grpc.framework",
				"${BUILT_PRODUCTS_DIR}/leveldb-library/leveldb.framework",
				"${BUILT_PRODUCTS_DIR}/nanopb/nanopb.framework",
			);
			name = "[CP] Embed Pods Frameworks";
			outputPaths = (
				"${TARGET_BUILD_DIR}/${FRAMEWORKS_FOLDER_PATH}/openssl_grpc.framework",
				"${TARGET_BUILD_DIR}/${FRAMEWORKS_FOLDER_PATH}/GTMSessionFetcher.framework",
				"${TARGET_BUILD_DIR}/${FRAMEWORKS_FOLDER_PATH}/GoogleUtilities.framework",
				"${TARGET_BUILD_DIR}/${FRAMEWORKS_FOLDER_PATH}/FBLPromises.framework",
				"${TARGET_BUILD_DIR}/${FRAMEWORKS_FOLDER_PATH}/absl.framework",
				"${TARGET_BUILD_DIR}/${FRAMEWORKS_FOLDER_PATH}/grpcpp.framework",
				"${TARGET_BUILD_DIR}/${FRAMEWORKS_FOLDER_PATH}/grpc.framework",
				"${TARGET_BUILD_DIR}/${FRAMEWORKS_FOLDER_PATH}/leveldb.framework",
				"${TARGET_BUILD_DIR}/${FRAMEWORKS_FOLDER_PATH}/nanopb.framework",
			);
			runOnlyForDeploymentPostprocessing = 0;
			shellPath = /bin/sh;
			shellScript = "\"${PODS_ROOT}/Target Support Files/Pods-TDM/Pods-TDM-frameworks.sh\"\n";
			showEnvVarsInLog = 0;
		};
/* End PBXShellScriptBuildPhase section */

/* Begin PBXSourcesBuildPhase section */
		2FC6C4671E60B542005539F5 /* Sources */ = {
			isa = PBXSourcesBuildPhase;
			buildActionMask = 2147483647;
			files = (
				73E235A224F0C86F00F9AC08 /* FetchTimelineApiRequest.swift in Sources */,
				73D0007224F124DA009C747E /* NullCodable.swift in Sources */,
				739D8A211FAD87E3000B279B /* FollowersViewController.swift in Sources */,
				738A0F501FD81BF300B79813 /* GetApiFollowersRequest.swift in Sources */,
				739D8A231FAD8998000B279B /* FollowersViewRouter.swift in Sources */,
				73D6429C24F0029D005E1602 /* DeletePostApiRequest.swift in Sources */,
				73D0007424F1447A009C747E /* UpdateTimelineApiRequest.swift in Sources */,
				73D6429824EFB29F005E1602 /* DeleteDM.swift in Sources */,
				73D0007824F156FA009C747E /* Firestore+QuerySnapshot.swift in Sources */,
				73D6429A24EFBF0C005E1602 /* User.swift in Sources */,
				73AFF1441FD9811300F75D38 /* FetchDM.swift in Sources */,
				2FC6C46F1E60B542005539F5 /* AppDelegate.swift in Sources */,
				738A0F4E1FD81B7300B79813 /* FetchFollowers.swift in Sources */,
				2F3D6B861E61D0AC00CF7881 /* ApiClient.swift in Sources */,
				739827F31F56FF2B00730BE6 /* ApiFollowersGateway.swift in Sources */,
				7333A3EC1F5AD45F00996C84 /* ApiRequest.swift in Sources */,
				2FC6C4A31E60B65E005539F5 /* Result.swift in Sources */,
				73D0007024F0FE09009C747E /* AccountPresenter.swift in Sources */,
				738EDE201FD977200023059E /* FollowerTableViewCell.swift in Sources */,
				738A0F541FD84C3300B79813 /* Constants.swift in Sources */,
				73AFF1461FD9888F00F75D38 /* DM.swift in Sources */,
				738EDE291FD97D530023059E /* FollowerDMViewRouter.swift in Sources */,
				73E235A424F0C95100F9AC08 /* PostDMApiRequest.swift in Sources */,
				739D8A251FAD8A3B000B279B /* FollowersPresenter.swift in Sources */,
				2F3D6B801E61A37400CF7881 /* UIViewController-Alert.swift in Sources */,
				739827EF1F56EC7A00730BE6 /* FollowersGateway.swift in Sources */,
				738A0F4C1FD80D8F00B79813 /* PostDM.swift in Sources */,
				2FC6C4981E60B5C4005539F5 /* ViewRouter.swift in Sources */,
				738A0F4A1FD80D5600B79813 /* Login.swift in Sources */,
				738EDE221FD97CE60023059E /* FollowerDMViewController.swift in Sources */,
				738EDE2B1FD97D530023059E /* FollowerDMConfigurator.swift in Sources */,
				738EDE2A1FD97D530023059E /* BubbleTableViewCell.swift in Sources */,
				73D0006C24F0FDF4009C747E /* AccountConfigurator.swift in Sources */,
				73D6429624EFAAC0005E1602 /* AccountViewController.swift in Sources */,
				734BA0FF1F5C03A00006B3D4 /* CacheFollowersGateway.swift in Sources */,
				734AF5E61FAEEC4F00C7099B /* FollowersConfigurator.swift in Sources */,
				738EDE2C1FD97D530023059E /* FollowerDMPresenter.swift in Sources */,
				73D0007624F144FD009C747E /* UpdateTimeline.swift in Sources */,
			);
			runOnlyForDeploymentPostprocessing = 0;
		};
		73880E041F8670FA005E24FB /* Sources */ = {
			isa = PBXSourcesBuildPhase;
			buildActionMask = 2147483647;
			files = (
				73177ABC24FF2E69007F401B /* FetchDMCaseTest.swift in Sources */,
				73177AC524FF2E69007F401B /* FetchDMUseCaseSpy.swift in Sources */,
				73177AC024FF2E69007F401B /* ApiFollowersGateway.swift in Sources */,
				73177AC324FF2E69007F401B /* FollowerDMViewSpy.swift in Sources */,
				73177AC424FF2E69007F401B /* BubbleCellViewSpy.swift in Sources */,
				73177AC924FF2E69007F401B /* FollowerDMPresenterTest.swift in Sources */,
				73177AC124FF2E69007F401B /* FollowersGatewaySpy.swift in Sources */,
				73177ABF24FF2E69007F401B /* FollowerDMPresenterStub.swift in Sources */,
				73177ABD24FF2E69007F401B /* FollowerDMViewRouterSpy.swift in Sources */,
				73177AC724FF2E69007F401B /* ApiFollowersGatewayTest.swift in Sources */,
				733BDBD124FF38AA00AE13B8 /* PostDMUseCaseSpy.swift in Sources */,
				73177ABE24FF2E69007F401B /* Helpers.swift in Sources */,
				733BDBCF24FF389E00AE13B8 /* DeleteDMUseCaseSpy.swift in Sources */,
				733BDBCD24FF389500AE13B8 /* LoginUseCaseSpy.swift in Sources */,
			);
			runOnlyForDeploymentPostprocessing = 0;
		};
/* End PBXSourcesBuildPhase section */

/* Begin PBXTargetDependency section */
		73880E0E1F8670FA005E24FB /* PBXTargetDependency */ = {
			isa = PBXTargetDependency;
			target = 2FC6C46A1E60B542005539F5 /* TDM */;
			targetProxy = 73880E0D1F8670FA005E24FB /* PBXContainerItemProxy */;
		};
/* End PBXTargetDependency section */

/* Begin PBXVariantGroup section */
		2FC6C4721E60B542005539F5 /* Main.storyboard */ = {
			isa = PBXVariantGroup;
			children = (
				2FC6C4731E60B542005539F5 /* Base */,
			);
			name = Main.storyboard;
			sourceTree = "<group>";
		};
/* End PBXVariantGroup section */

/* Begin XCBuildConfiguration section */
		2FC6C4891E60B542005539F5 /* Debug */ = {
			isa = XCBuildConfiguration;
			buildSettings = {
				ALWAYS_SEARCH_USER_PATHS = NO;
				CLANG_ANALYZER_LOCALIZABILITY_NONLOCALIZED = YES;
				CLANG_ANALYZER_NONNULL = YES;
				CLANG_CXX_LANGUAGE_STANDARD = "gnu++0x";
				CLANG_CXX_LIBRARY = "libc++";
				CLANG_ENABLE_MODULES = YES;
				CLANG_ENABLE_OBJC_ARC = YES;
				CLANG_WARN_BLOCK_CAPTURE_AUTORELEASING = YES;
				CLANG_WARN_BOOL_CONVERSION = YES;
				CLANG_WARN_COMMA = YES;
				CLANG_WARN_CONSTANT_CONVERSION = YES;
				CLANG_WARN_DEPRECATED_OBJC_IMPLEMENTATIONS = YES;
				CLANG_WARN_DIRECT_OBJC_ISA_USAGE = YES_ERROR;
				CLANG_WARN_DOCUMENTATION_COMMENTS = YES;
				CLANG_WARN_EMPTY_BODY = YES;
				CLANG_WARN_ENUM_CONVERSION = YES;
				CLANG_WARN_INFINITE_RECURSION = YES;
				CLANG_WARN_INT_CONVERSION = YES;
				CLANG_WARN_NON_LITERAL_NULL_CONVERSION = YES;
				CLANG_WARN_OBJC_IMPLICIT_RETAIN_SELF = YES;
				CLANG_WARN_OBJC_LITERAL_CONVERSION = YES;
				CLANG_WARN_OBJC_ROOT_CLASS = YES_ERROR;
				CLANG_WARN_RANGE_LOOP_ANALYSIS = YES;
				CLANG_WARN_STRICT_PROTOTYPES = YES;
				CLANG_WARN_SUSPICIOUS_MOVE = YES;
				CLANG_WARN_UNREACHABLE_CODE = YES;
				CLANG_WARN__DUPLICATE_METHOD_MATCH = YES;
				"CODE_SIGN_IDENTITY[sdk=iphoneos*]" = "iPhone Developer";
				COPY_PHASE_STRIP = NO;
				DEBUG_INFORMATION_FORMAT = dwarf;
				ENABLE_STRICT_OBJC_MSGSEND = YES;
				ENABLE_TESTABILITY = YES;
				GCC_C_LANGUAGE_STANDARD = gnu99;
				GCC_DYNAMIC_NO_PIC = NO;
				GCC_NO_COMMON_BLOCKS = YES;
				GCC_OPTIMIZATION_LEVEL = 0;
				GCC_PREPROCESSOR_DEFINITIONS = (
					"DEBUG=1",
					"$(inherited)",
				);
				GCC_WARN_64_TO_32_BIT_CONVERSION = YES;
				GCC_WARN_ABOUT_RETURN_TYPE = YES_ERROR;
				GCC_WARN_UNDECLARED_SELECTOR = YES;
				GCC_WARN_UNINITIALIZED_AUTOS = YES_AGGRESSIVE;
				GCC_WARN_UNUSED_FUNCTION = YES;
				GCC_WARN_UNUSED_VARIABLE = YES;
				IPHONEOS_DEPLOYMENT_TARGET = 9.0;
				MTL_ENABLE_DEBUG_INFO = YES;
				ONLY_ACTIVE_ARCH = YES;
				SDKROOT = iphoneos;
				SWIFT_ACTIVE_COMPILATION_CONDITIONS = DEBUG;
				SWIFT_OPTIMIZATION_LEVEL = "-Onone";
				TARGETED_DEVICE_FAMILY = "1,2";
			};
			name = Debug;
		};
		2FC6C48A1E60B542005539F5 /* Release */ = {
			isa = XCBuildConfiguration;
			buildSettings = {
				ALWAYS_SEARCH_USER_PATHS = NO;
				CLANG_ANALYZER_LOCALIZABILITY_NONLOCALIZED = YES;
				CLANG_ANALYZER_NONNULL = YES;
				CLANG_CXX_LANGUAGE_STANDARD = "gnu++0x";
				CLANG_CXX_LIBRARY = "libc++";
				CLANG_ENABLE_MODULES = YES;
				CLANG_ENABLE_OBJC_ARC = YES;
				CLANG_WARN_BLOCK_CAPTURE_AUTORELEASING = YES;
				CLANG_WARN_BOOL_CONVERSION = YES;
				CLANG_WARN_COMMA = YES;
				CLANG_WARN_CONSTANT_CONVERSION = YES;
				CLANG_WARN_DEPRECATED_OBJC_IMPLEMENTATIONS = YES;
				CLANG_WARN_DIRECT_OBJC_ISA_USAGE = YES_ERROR;
				CLANG_WARN_DOCUMENTATION_COMMENTS = YES;
				CLANG_WARN_EMPTY_BODY = YES;
				CLANG_WARN_ENUM_CONVERSION = YES;
				CLANG_WARN_INFINITE_RECURSION = YES;
				CLANG_WARN_INT_CONVERSION = YES;
				CLANG_WARN_NON_LITERAL_NULL_CONVERSION = YES;
				CLANG_WARN_OBJC_IMPLICIT_RETAIN_SELF = YES;
				CLANG_WARN_OBJC_LITERAL_CONVERSION = YES;
				CLANG_WARN_OBJC_ROOT_CLASS = YES_ERROR;
				CLANG_WARN_RANGE_LOOP_ANALYSIS = YES;
				CLANG_WARN_STRICT_PROTOTYPES = YES;
				CLANG_WARN_SUSPICIOUS_MOVE = YES;
				CLANG_WARN_UNREACHABLE_CODE = YES;
				CLANG_WARN__DUPLICATE_METHOD_MATCH = YES;
				"CODE_SIGN_IDENTITY[sdk=iphoneos*]" = "iPhone Developer";
				COPY_PHASE_STRIP = NO;
				DEBUG_INFORMATION_FORMAT = "dwarf-with-dsym";
				ENABLE_NS_ASSERTIONS = NO;
				ENABLE_STRICT_OBJC_MSGSEND = YES;
				GCC_C_LANGUAGE_STANDARD = gnu99;
				GCC_NO_COMMON_BLOCKS = YES;
				GCC_WARN_64_TO_32_BIT_CONVERSION = YES;
				GCC_WARN_ABOUT_RETURN_TYPE = YES_ERROR;
				GCC_WARN_UNDECLARED_SELECTOR = YES;
				GCC_WARN_UNINITIALIZED_AUTOS = YES_AGGRESSIVE;
				GCC_WARN_UNUSED_FUNCTION = YES;
				GCC_WARN_UNUSED_VARIABLE = YES;
				IPHONEOS_DEPLOYMENT_TARGET = 9.0;
				MTL_ENABLE_DEBUG_INFO = NO;
				SDKROOT = iphoneos;
				SWIFT_OPTIMIZATION_LEVEL = "-Owholemodule";
				TARGETED_DEVICE_FAMILY = "1,2";
				VALIDATE_PRODUCT = YES;
			};
			name = Release;
		};
		2FC6C48C1E60B542005539F5 /* Debug */ = {
			isa = XCBuildConfiguration;
			baseConfigurationReference = E2D3A62ADC751F0119D27C7F /* Pods-TDM.debug.xcconfig */;
			buildSettings = {
				ASSETCATALOG_COMPILER_APPICON_NAME = AppIcon;
				CLANG_ENABLE_MODULES = YES;
				FRAMEWORK_SEARCH_PATHS = (
					"$(inherited)",
					"$(PROJECT_DIR)/Vendor",
				);
				INFOPLIST_FILE = "$(PROJECT_DIR)/$(PROJECT_NAME)/Info.plist";
				LD_RUNPATH_SEARCH_PATHS = "$(inherited) @executable_path/Frameworks";
				PRODUCT_BUNDLE_IDENTIFIER = com.onefatgiraffe.snsdemo;
				PRODUCT_NAME = "SNS Demo";
				SWIFT_OBJC_BRIDGING_HEADER = "TDM/TDM-Bridging-Header.h";
				SWIFT_OPTIMIZATION_LEVEL = "-Onone";
				SWIFT_VERSION = 4.0;
			};
			name = Debug;
		};
		2FC6C48D1E60B542005539F5 /* Release */ = {
			isa = XCBuildConfiguration;
			baseConfigurationReference = 130F8BF7ED68E22502D7F0C3 /* Pods-TDM.release.xcconfig */;
			buildSettings = {
				ASSETCATALOG_COMPILER_APPICON_NAME = AppIcon;
				CLANG_ENABLE_MODULES = YES;
				FRAMEWORK_SEARCH_PATHS = (
					"$(inherited)",
					"$(PROJECT_DIR)/Vendor",
				);
				INFOPLIST_FILE = "$(PROJECT_DIR)/$(PROJECT_NAME)/Info.plist";
				LD_RUNPATH_SEARCH_PATHS = "$(inherited) @executable_path/Frameworks";
				PRODUCT_BUNDLE_IDENTIFIER = com.onefatgiraffe.snsdemo;
				PRODUCT_NAME = "SNS Demo";
				SWIFT_OBJC_BRIDGING_HEADER = "TDM/TDM-Bridging-Header.h";
				SWIFT_VERSION = 4.0;
			};
			name = Release;
		};
		73880E0F1F8670FA005E24FB /* Debug */ = {
			isa = XCBuildConfiguration;
			baseConfigurationReference = B567867A1B66AF1B2958C587 /* Pods-Tests.debug.xcconfig */;
			buildSettings = {
				BUNDLE_LOADER = "$(TEST_HOST)";
				CLANG_ANALYZER_NUMBER_OBJECT_CONVERSION = YES_AGGRESSIVE;
				CLANG_CXX_LANGUAGE_STANDARD = "gnu++14";
				CLANG_WARN_UNGUARDED_AVAILABILITY = YES_AGGRESSIVE;
				CODE_SIGN_IDENTITY = "iPhone Developer";
				CODE_SIGN_STYLE = Automatic;
				GCC_C_LANGUAGE_STANDARD = gnu11;
				INFOPLIST_FILE = Tests/Info.plist;
				IPHONEOS_DEPLOYMENT_TARGET = 11.0;
				LD_RUNPATH_SEARCH_PATHS = "$(inherited) @executable_path/Frameworks @loader_path/Frameworks";
				PRODUCT_BUNDLE_IDENTIFIER = com.onefatgiraffe.Tests;
				PRODUCT_NAME = "$(TARGET_NAME)";
				SWIFT_VERSION = 4.0;
				TARGETED_DEVICE_FAMILY = "1,2";
				TEST_HOST = "$(BUILT_PRODUCTS_DIR)/SNS Demo.app/SNS Demo";
			};
			name = Debug;
		};
		73880E101F8670FA005E24FB /* Release */ = {
			isa = XCBuildConfiguration;
			baseConfigurationReference = 510D7FAB7D3DDB3FC788049D /* Pods-Tests.release.xcconfig */;
			buildSettings = {
				BUNDLE_LOADER = "$(TEST_HOST)";
				CLANG_ANALYZER_NUMBER_OBJECT_CONVERSION = YES_AGGRESSIVE;
				CLANG_CXX_LANGUAGE_STANDARD = "gnu++14";
				CLANG_WARN_UNGUARDED_AVAILABILITY = YES_AGGRESSIVE;
				CODE_SIGN_IDENTITY = "iPhone Developer";
				CODE_SIGN_STYLE = Automatic;
				GCC_C_LANGUAGE_STANDARD = gnu11;
				INFOPLIST_FILE = Tests/Info.plist;
				IPHONEOS_DEPLOYMENT_TARGET = 11.0;
				LD_RUNPATH_SEARCH_PATHS = "$(inherited) @executable_path/Frameworks @loader_path/Frameworks";
				PRODUCT_BUNDLE_IDENTIFIER = com.onefatgiraffe.Tests;
				PRODUCT_NAME = "$(TARGET_NAME)";
				SWIFT_VERSION = 4.0;
				TARGETED_DEVICE_FAMILY = "1,2";
				TEST_HOST = "$(BUILT_PRODUCTS_DIR)/SNS Demo.app/SNS Demo";
			};
			name = Release;
		};
/* End XCBuildConfiguration section */

/* Begin XCConfigurationList section */
		2FC6C4661E60B542005539F5 /* Build configuration list for PBXProject "TDM" */ = {
			isa = XCConfigurationList;
			buildConfigurations = (
				2FC6C4891E60B542005539F5 /* Debug */,
				2FC6C48A1E60B542005539F5 /* Release */,
			);
			defaultConfigurationIsVisible = 0;
			defaultConfigurationName = Release;
		};
		2FC6C48B1E60B542005539F5 /* Build configuration list for PBXNativeTarget "TDM" */ = {
			isa = XCConfigurationList;
			buildConfigurations = (
				2FC6C48C1E60B542005539F5 /* Debug */,
				2FC6C48D1E60B542005539F5 /* Release */,
			);
			defaultConfigurationIsVisible = 0;
			defaultConfigurationName = Release;
		};
		73880E111F8670FA005E24FB /* Build configuration list for PBXNativeTarget "Tests" */ = {
			isa = XCConfigurationList;
			buildConfigurations = (
				73880E0F1F8670FA005E24FB /* Debug */,
				73880E101F8670FA005E24FB /* Release */,
			);
			defaultConfigurationIsVisible = 0;
			defaultConfigurationName = Release;
		};
/* End XCConfigurationList section */
	};
	rootObject = 2FC6C4631E60B542005539F5 /* Project object */;
}
